// !$*UTF8*$!
{
	archiveVersion = 1;
	classes = {
	};
	objectVersion = 50;
	objects = {

/* Begin PBXBuildFile section */
		C05CBEC523BE2892006B1434 /* MissionView.swift in Sources */ = {isa = PBXBuildFile; fileRef = C0B2AF0823BE2513000A3A99 /* MissionView.swift */; };
		C05CBEC723BE436F006B1434 /* AstronautView.swift in Sources */ = {isa = PBXBuildFile; fileRef = C05CBEC623BE436F006B1434 /* AstronautView.swift */; };
		C0B2AEE323BCDD01000A3A99 /* AppDelegate.swift in Sources */ = {isa = PBXBuildFile; fileRef = C0B2AEE223BCDD01000A3A99 /* AppDelegate.swift */; };
		C0B2AEE523BCDD01000A3A99 /* SceneDelegate.swift in Sources */ = {isa = PBXBuildFile; fileRef = C0B2AEE423BCDD01000A3A99 /* SceneDelegate.swift */; };
		C0B2AEE723BCDD01000A3A99 /* Geometry.swift in Sources */ = {isa = PBXBuildFile; fileRef = C0B2AEE623BCDD01000A3A99 /* Geometry.swift */; };
		C0B2AEE923BCDD02000A3A99 /* Assets.xcassets in Resources */ = {isa = PBXBuildFile; fileRef = C0B2AEE823BCDD02000A3A99 /* Assets.xcassets */; };
		C0B2AEEC23BCDD02000A3A99 /* Preview Assets.xcassets in Resources */ = {isa = PBXBuildFile; fileRef = C0B2AEEB23BCDD02000A3A99 /* Preview Assets.xcassets */; };
		C0B2AEEF23BCDD02000A3A99 /* LaunchScreen.storyboard in Resources */ = {isa = PBXBuildFile; fileRef = C0B2AEED23BCDD02000A3A99 /* LaunchScreen.storyboard */; };
		C0B2AEF723BCDFF9000A3A99 /* Scroll.swift in Sources */ = {isa = PBXBuildFile; fileRef = C0B2AEF623BCDFF9000A3A99 /* Scroll.swift */; };
		C0B2AEF923BCE4E2000A3A99 /* NavSample.swift in Sources */ = {isa = PBXBuildFile; fileRef = C0B2AEF823BCE4E2000A3A99 /* NavSample.swift */; };
		C0B2AEFB23BE023B000A3A99 /* DecodeJSON.swift in Sources */ = {isa = PBXBuildFile; fileRef = C0B2AEFA23BE023B000A3A99 /* DecodeJSON.swift */; };
		C0B2AEFD23BE08C5000A3A99 /* astronauts.json in Resources */ = {isa = PBXBuildFile; fileRef = C0B2AEFC23BE08C5000A3A99 /* astronauts.json */; };
		C0B2AEFF23BE08D9000A3A99 /* missions.json in Resources */ = {isa = PBXBuildFile; fileRef = C0B2AEFE23BE08D9000A3A99 /* missions.json */; };
		C0B2AF0123BE099F000A3A99 /* Astronaut.swift in Sources */ = {isa = PBXBuildFile; fileRef = C0B2AF0023BE099F000A3A99 /* Astronaut.swift */; };
		C0B2AF0323BE09FC000A3A99 /* Bundle-Decodable.swift in Sources */ = {isa = PBXBuildFile; fileRef = C0B2AF0223BE09FC000A3A99 /* Bundle-Decodable.swift */; };
		C0B2AF0523BE0B54000A3A99 /* Moonshot.swift in Sources */ = {isa = PBXBuildFile; fileRef = C0B2AF0423BE0B54000A3A99 /* Moonshot.swift */; };
		C0B2AF0723BE1183000A3A99 /* Mission.swift in Sources */ = {isa = PBXBuildFile; fileRef = C0B2AF0623BE1183000A3A99 /* Mission.swift */; };
/* End PBXBuildFile section */

/* Begin PBXFileReference section */
		C05CBEC623BE436F006B1434 /* AstronautView.swift */ = {isa = PBXFileReference; lastKnownFileType = sourcecode.swift; path = AstronautView.swift; sourceTree = "<group>"; };
		C0B2AEDF23BCDD01000A3A99 /* Moonshot.app */ = {isa = PBXFileReference; explicitFileType = wrapper.application; includeInIndex = 0; path = Moonshot.app; sourceTree = BUILT_PRODUCTS_DIR; };
		C0B2AEE223BCDD01000A3A99 /* AppDelegate.swift */ = {isa = PBXFileReference; lastKnownFileType = sourcecode.swift; path = AppDelegate.swift; sourceTree = "<group>"; };
		C0B2AEE423BCDD01000A3A99 /* SceneDelegate.swift */ = {isa = PBXFileReference; lastKnownFileType = sourcecode.swift; path = SceneDelegate.swift; sourceTree = "<group>"; };
		C0B2AEE623BCDD01000A3A99 /* Geometry.swift */ = {isa = PBXFileReference; lastKnownFileType = sourcecode.swift; path = Geometry.swift; sourceTree = "<group>"; };
		C0B2AEE823BCDD02000A3A99 /* Assets.xcassets */ = {isa = PBXFileReference; lastKnownFileType = folder.assetcatalog; path = Assets.xcassets; sourceTree = "<group>"; };
		C0B2AEEB23BCDD02000A3A99 /* Preview Assets.xcassets */ = {isa = PBXFileReference; lastKnownFileType = folder.assetcatalog; path = "Preview Assets.xcassets"; sourceTree = "<group>"; };
		C0B2AEEE23BCDD02000A3A99 /* Base */ = {isa = PBXFileReference; lastKnownFileType = file.storyboard; name = Base; path = Base.lproj/LaunchScreen.storyboard; sourceTree = "<group>"; };
		C0B2AEF023BCDD02000A3A99 /* Info.plist */ = {isa = PBXFileReference; lastKnownFileType = text.plist.xml; path = Info.plist; sourceTree = "<group>"; };
		C0B2AEF623BCDFF9000A3A99 /* Scroll.swift */ = {isa = PBXFileReference; lastKnownFileType = sourcecode.swift; path = Scroll.swift; sourceTree = "<group>"; };
		C0B2AEF823BCE4E2000A3A99 /* NavSample.swift */ = {isa = PBXFileReference; lastKnownFileType = sourcecode.swift; path = NavSample.swift; sourceTree = "<group>"; };
		C0B2AEFA23BE023B000A3A99 /* DecodeJSON.swift */ = {isa = PBXFileReference; lastKnownFileType = sourcecode.swift; path = DecodeJSON.swift; sourceTree = "<group>"; };
		C0B2AEFC23BE08C5000A3A99 /* astronauts.json */ = {isa = PBXFileReference; fileEncoding = 4; lastKnownFileType = text.json; name = astronauts.json; path = "../../../../../Downloads/HackingWithSwift-master/SwiftUI/project8-files/astronauts.json"; sourceTree = "<group>"; };
		C0B2AEFE23BE08D9000A3A99 /* missions.json */ = {isa = PBXFileReference; fileEncoding = 4; lastKnownFileType = text.json; name = missions.json; path = "../../../../../Downloads/HackingWithSwift-master/SwiftUI/project8-files/missions.json"; sourceTree = "<group>"; };
		C0B2AF0023BE099F000A3A99 /* Astronaut.swift */ = {isa = PBXFileReference; lastKnownFileType = sourcecode.swift; path = Astronaut.swift; sourceTree = "<group>"; };
		C0B2AF0223BE09FC000A3A99 /* Bundle-Decodable.swift */ = {isa = PBXFileReference; lastKnownFileType = sourcecode.swift; path = "Bundle-Decodable.swift"; sourceTree = "<group>"; };
		C0B2AF0423BE0B54000A3A99 /* Moonshot.swift */ = {isa = PBXFileReference; lastKnownFileType = sourcecode.swift; path = Moonshot.swift; sourceTree = "<group>"; };
		C0B2AF0623BE1183000A3A99 /* Mission.swift */ = {isa = PBXFileReference; lastKnownFileType = sourcecode.swift; path = Mission.swift; sourceTree = "<group>"; };
		C0B2AF0823BE2513000A3A99 /* MissionView.swift */ = {isa = PBXFileReference; lastKnownFileType = sourcecode.swift; path = MissionView.swift; sourceTree = "<group>"; };
/* End PBXFileReference section */

/* Begin PBXFrameworksBuildPhase section */
		C0B2AEDC23BCDD01000A3A99 /* Frameworks */ = {
			isa = PBXFrameworksBuildPhase;
			buildActionMask = 2147483647;
			files = (
			);
			runOnlyForDeploymentPostprocessing = 0;
		};
/* End PBXFrameworksBuildPhase section */

/* Begin PBXGroup section */
		C0B2AED623BCDD01000A3A99 = {
			isa = PBXGroup;
			children = (
				C0B2AEE123BCDD01000A3A99 /* Moonshot */,
				C0B2AEE023BCDD01000A3A99 /* Products */,
			);
			sourceTree = "<group>";
		};
		C0B2AEE023BCDD01000A3A99 /* Products */ = {
			isa = PBXGroup;
			children = (
				C0B2AEDF23BCDD01000A3A99 /* Moonshot.app */,
			);
			name = Products;
			sourceTree = "<group>";
		};
		C0B2AEE123BCDD01000A3A99 /* Moonshot */ = {
			isa = PBXGroup;
			children = (
				C0B2AEE223BCDD01000A3A99 /* AppDelegate.swift */,
				C0B2AEE423BCDD01000A3A99 /* SceneDelegate.swift */,
				C0B2AEE623BCDD01000A3A99 /* Geometry.swift */,
				C0B2AEF823BCE4E2000A3A99 /* NavSample.swift */,
				C0B2AEF623BCDFF9000A3A99 /* Scroll.swift */,
				C0B2AF0423BE0B54000A3A99 /* Moonshot.swift */,
				C0B2AF0823BE2513000A3A99 /* MissionView.swift */,
				C0B2AEE823BCDD02000A3A99 /* Assets.xcassets */,
				C0B2AEED23BCDD02000A3A99 /* LaunchScreen.storyboard */,
				C0B2AEF023BCDD02000A3A99 /* Info.plist */,
				C0B2AEFE23BE08D9000A3A99 /* missions.json */,
				C0B2AEFC23BE08C5000A3A99 /* astronauts.json */,
				C0B2AEEA23BCDD02000A3A99 /* Preview Content */,
				C0B2AEFA23BE023B000A3A99 /* DecodeJSON.swift */,
				C0B2AF0023BE099F000A3A99 /* Astronaut.swift */,
				C0B2AF0223BE09FC000A3A99 /* Bundle-Decodable.swift */,
				C0B2AF0623BE1183000A3A99 /* Mission.swift */,
				C05CBEC623BE436F006B1434 /* AstronautView.swift */,
			);
			path = Moonshot;
			sourceTree = "<group>";
		};
		C0B2AEEA23BCDD02000A3A99 /* Preview Content */ = {
			isa = PBXGroup;
			children = (
				C0B2AEEB23BCDD02000A3A99 /* Preview Assets.xcassets */,
			);
			path = "Preview Content";
			sourceTree = "<group>";
		};
/* End PBXGroup section */

/* Begin PBXNativeTarget section */
		C0B2AEDE23BCDD01000A3A99 /* Moonshot */ = {
			isa = PBXNativeTarget;
			buildConfigurationList = C0B2AEF323BCDD02000A3A99 /* Build configuration list for PBXNativeTarget "Moonshot" */;
			buildPhases = (
				C0B2AEDB23BCDD01000A3A99 /* Sources */,
				C0B2AEDC23BCDD01000A3A99 /* Frameworks */,
				C0B2AEDD23BCDD01000A3A99 /* Resources */,
			);
			buildRules = (
			);
			dependencies = (
			);
			name = Moonshot;
			productName = Moonshot;
			productReference = C0B2AEDF23BCDD01000A3A99 /* Moonshot.app */;
			productType = "com.apple.product-type.application";
		};
/* End PBXNativeTarget section */

/* Begin PBXProject section */
		C0B2AED723BCDD01000A3A99 /* Project object */ = {
			isa = PBXProject;
			attributes = {
				LastSwiftUpdateCheck = 1120;
				LastUpgradeCheck = 1120;
				ORGANIZATIONNAME = Ciclic;
				TargetAttributes = {
					C0B2AEDE23BCDD01000A3A99 = {
						CreatedOnToolsVersion = 11.2.1;
					};
				};
			};
			buildConfigurationList = C0B2AEDA23BCDD01000A3A99 /* Build configuration list for PBXProject "Moonshot" */;
			compatibilityVersion = "Xcode 9.3";
			developmentRegion = en;
			hasScannedForEncodings = 0;
			knownRegions = (
				en,
				Base,
			);
			mainGroup = C0B2AED623BCDD01000A3A99;
			productRefGroup = C0B2AEE023BCDD01000A3A99 /* Products */;
			projectDirPath = "";
			projectRoot = "";
			targets = (
				C0B2AEDE23BCDD01000A3A99 /* Moonshot */,
			);
		};
/* End PBXProject section */

/* Begin PBXResourcesBuildPhase section */
		C0B2AEDD23BCDD01000A3A99 /* Resources */ = {
			isa = PBXResourcesBuildPhase;
			buildActionMask = 2147483647;
			files = (
				C0B2AEEF23BCDD02000A3A99 /* LaunchScreen.storyboard in Resources */,
				C0B2AEFF23BE08D9000A3A99 /* missions.json in Resources */,
				C0B2AEEC23BCDD02000A3A99 /* Preview Assets.xcassets in Resources */,
				C0B2AEE923BCDD02000A3A99 /* Assets.xcassets in Resources */,
				C0B2AEFD23BE08C5000A3A99 /* astronauts.json in Resources */,
			);
			runOnlyForDeploymentPostprocessing = 0;
		};
/* End PBXResourcesBuildPhase section */

/* Begin PBXSourcesBuildPhase section */
		C0B2AEDB23BCDD01000A3A99 /* Sources */ = {
			isa = PBXSourcesBuildPhase;
			buildActionMask = 2147483647;
			files = (
				C05CBEC523BE2892006B1434 /* MissionView.swift in Sources */,
				C0B2AEF723BCDFF9000A3A99 /* Scroll.swift in Sources */,
				C0B2AEFB23BE023B000A3A99 /* DecodeJSON.swift in Sources */,
				C0B2AEF923BCE4E2000A3A99 /* NavSample.swift in Sources */,
				C0B2AF0323BE09FC000A3A99 /* Bundle-Decodable.swift in Sources */,
				C0B2AF0123BE099F000A3A99 /* Astronaut.swift in Sources */,
				C0B2AEE323BCDD01000A3A99 /* AppDelegate.swift in Sources */,
				C0B2AEE523BCDD01000A3A99 /* SceneDelegate.swift in Sources */,
				C0B2AF0523BE0B54000A3A99 /* Moonshot.swift in Sources */,
				C0B2AF0723BE1183000A3A99 /* Mission.swift in Sources */,
				C05CBEC723BE436F006B1434 /* AstronautView.swift in Sources */,
				C0B2AEE723BCDD01000A3A99 /* Geometry.swift in Sources */,
			);
			runOnlyForDeploymentPostprocessing = 0;
		};
/* End PBXSourcesBuildPhase section */

/* Begin PBXVariantGroup section */
		C0B2AEED23BCDD02000A3A99 /* LaunchScreen.storyboard */ = {
			isa = PBXVariantGroup;
			children = (
				C0B2AEEE23BCDD02000A3A99 /* Base */,
			);
			name = LaunchScreen.storyboard;
			sourceTree = "<group>";
		};
/* End PBXVariantGroup section */

/* Begin XCBuildConfiguration section */
		C0B2AEF123BCDD02000A3A99 /* Debug */ = {
			isa = XCBuildConfiguration;
			buildSettings = {
				ALWAYS_SEARCH_USER_PATHS = NO;
				CLANG_ANALYZER_NONNULL = YES;
				CLANG_ANALYZER_NUMBER_OBJECT_CONVERSION = YES_AGGRESSIVE;
				CLANG_CXX_LANGUAGE_STANDARD = "gnu++14";
				CLANG_CXX_LIBRARY = "libc++";
				CLANG_ENABLE_MODULES = YES;
				CLANG_ENABLE_OBJC_ARC = YES;
				CLANG_ENABLE_OBJC_WEAK = YES;
				CLANG_WARN_BLOCK_CAPTURE_AUTORELEASING = YES;
				CLANG_WARN_BOOL_CONVERSION = YES;
				CLANG_WARN_COMMA = YES;
				CLANG_WARN_CONSTANT_CONVERSION = YES;
				CLANG_WARN_DEPRECATED_OBJC_IMPLEMENTATIONS = YES;
				CLANG_WARN_DIRECT_OBJC_ISA_USAGE = YES_ERROR;
				CLANG_WARN_DOCUMENTATION_COMMENTS = YES;
				CLANG_WARN_EMPTY_BODY = YES;
				CLANG_WARN_ENUM_CONVERSION = YES;
				CLANG_WARN_INFINITE_RECURSION = YES;
				CLANG_WARN_INT_CONVERSION = YES;
				CLANG_WARN_NON_LITERAL_NULL_CONVERSION = YES;
				CLANG_WARN_OBJC_IMPLICIT_RETAIN_SELF = YES;
				CLANG_WARN_OBJC_LITERAL_CONVERSION = YES;
				CLANG_WARN_OBJC_ROOT_CLASS = YES_ERROR;
				CLANG_WARN_RANGE_LOOP_ANALYSIS = YES;
				CLANG_WARN_STRICT_PROTOTYPES = YES;
				CLANG_WARN_SUSPICIOUS_MOVE = YES;
				CLANG_WARN_UNGUARDED_AVAILABILITY = YES_AGGRESSIVE;
				CLANG_WARN_UNREACHABLE_CODE = YES;
				CLANG_WARN__DUPLICATE_METHOD_MATCH = YES;
				COPY_PHASE_STRIP = NO;
				DEBUG_INFORMATION_FORMAT = dwarf;
				ENABLE_STRICT_OBJC_MSGSEND = YES;
				ENABLE_TESTABILITY = YES;
				GCC_C_LANGUAGE_STANDARD = gnu11;
				GCC_DYNAMIC_NO_PIC = NO;
				GCC_NO_COMMON_BLOCKS = YES;
				GCC_OPTIMIZATION_LEVEL = 0;
				GCC_PREPROCESSOR_DEFINITIONS = (
					"DEBUG=1",
					"$(inherited)",
				);
				GCC_WARN_64_TO_32_BIT_CONVERSION = YES;
				GCC_WARN_ABOUT_RETURN_TYPE = YES_ERROR;
				GCC_WARN_UNDECLARED_SELECTOR = YES;
				GCC_WARN_UNINITIALIZED_AUTOS = YES_AGGRESSIVE;
				GCC_WARN_UNUSED_FUNCTION = YES;
				GCC_WARN_UNUSED_VARIABLE = YES;
				IPHONEOS_DEPLOYMENT_TARGET = 13.2;
				MTL_ENABLE_DEBUG_INFO = INCLUDE_SOURCE;
				MTL_FAST_MATH = YES;
				ONLY_ACTIVE_ARCH = YES;
				SDKROOT = iphoneos;
				SWIFT_ACTIVE_COMPILATION_CONDITIONS = DEBUG;
				SWIFT_OPTIMIZATION_LEVEL = "-Onone";
			};
			name = Debug;
		};
		C0B2AEF223BCDD02000A3A99 /* Release */ = {
			isa = XCBuildConfiguration;
			buildSettings = {
				ALWAYS_SEARCH_USER_PATHS = NO;
				CLANG_ANALYZER_NONNULL = YES;
				CLANG_ANALYZER_NUMBER_OBJECT_CONVERSION = YES_AGGRESSIVE;
				CLANG_CXX_LANGUAGE_STANDARD = "gnu++14";
				CLANG_CXX_LIBRARY = "libc++";
				CLANG_ENABLE_MODULES = YES;
				CLANG_ENABLE_OBJC_ARC = YES;
				CLANG_ENABLE_OBJC_WEAK = YES;
				CLANG_WARN_BLOCK_CAPTURE_AUTORELEASING = YES;
				CLANG_WARN_BOOL_CONVERSION = YES;
				CLANG_WARN_COMMA = YES;
				CLANG_WARN_CONSTANT_CONVERSION = YES;
				CLANG_WARN_DEPRECATED_OBJC_IMPLEMENTATIONS = YES;
				CLANG_WARN_DIRECT_OBJC_ISA_USAGE = YES_ERROR;
				CLANG_WARN_DOCUMENTATION_COMMENTS = YES;
				CLANG_WARN_EMPTY_BODY = YES;
				CLANG_WARN_ENUM_CONVERSION = YES;
				CLANG_WARN_INFINITE_RECURSION = YES;
				CLANG_WARN_INT_CONVERSION = YES;
				CLANG_WARN_NON_LITERAL_NULL_CONVERSION = YES;
				CLANG_WARN_OBJC_IMPLICIT_RETAIN_SELF = YES;
				CLANG_WARN_OBJC_LITERAL_CONVERSION = YES;
				CLANG_WARN_OBJC_ROOT_CLASS = YES_ERROR;
				CLANG_WARN_RANGE_LOOP_ANALYSIS = YES;
				CLANG_WARN_STRICT_PROTOTYPES = YES;
				CLANG_WARN_SUSPICIOUS_MOVE = YES;
				CLANG_WARN_UNGUARDED_AVAILABILITY = YES_AGGRESSIVE;
				CLANG_WARN_UNREACHABLE_CODE = YES;
				CLANG_WARN__DUPLICATE_METHOD_MATCH = YES;
				COPY_PHASE_STRIP = NO;
				DEBUG_INFORMATION_FORMAT = "dwarf-with-dsym";
				ENABLE_NS_ASSERTIONS = NO;
				ENABLE_STRICT_OBJC_MSGSEND = YES;
				GCC_C_LANGUAGE_STANDARD = gnu11;
				GCC_NO_COMMON_BLOCKS = YES;
				GCC_WARN_64_TO_32_BIT_CONVERSION = YES;
				GCC_WARN_ABOUT_RETURN_TYPE = YES_ERROR;
				GCC_WARN_UNDECLARED_SELECTOR = YES;
				GCC_WARN_UNINITIALIZED_AUTOS = YES_AGGRESSIVE;
				GCC_WARN_UNUSED_FUNCTION = YES;
				GCC_WARN_UNUSED_VARIABLE = YES;
				IPHONEOS_DEPLOYMENT_TARGET = 13.2;
				MTL_ENABLE_DEBUG_INFO = NO;
				MTL_FAST_MATH = YES;
				SDKROOT = iphoneos;
				SWIFT_COMPILATION_MODE = wholemodule;
				SWIFT_OPTIMIZATION_LEVEL = "-O";
				VALIDATE_PRODUCT = YES;
			};
			name = Release;
		};
		C0B2AEF423BCDD02000A3A99 /* Debug */ = {
			isa = XCBuildConfiguration;
			buildSettings = {
				ASSETCATALOG_COMPILER_APPICON_NAME = AppIcon;
				CODE_SIGN_STYLE = Automatic;
				DEVELOPMENT_ASSET_PATHS = "\"Moonshot/Preview Content\"";
				DEVELOPMENT_TEAM = 4PQ75NFB72;
				ENABLE_PREVIEWS = YES;
				INFOPLIST_FILE = Moonshot/Info.plist;
				LD_RUNPATH_SEARCH_PATHS = (
					"$(inherited)",
					"@executable_path/Frameworks",
				);
				PRODUCT_BUNDLE_IDENTIFIER = br.com.ciclic.Moonshot;
				PRODUCT_NAME = "$(TARGET_NAME)";
				SWIFT_VERSION = 5.0;
				TARGETED_DEVICE_FAMILY = "1,2";
			};
			name = Debug;
		};
		C0B2AEF523BCDD02000A3A99 /* Release */ = {
			isa = XCBuildConfiguration;
			buildSettings = {
				ASSETCATALOG_COMPILER_APPICON_NAME = AppIcon;
				CODE_SIGN_STYLE = Automatic;
				DEVELOPMENT_ASSET_PATHS = "\"Moonshot/Preview Content\"";
				DEVELOPMENT_TEAM = 4PQ75NFB72;
				ENABLE_PREVIEWS = YES;
				INFOPLIST_FILE = Moonshot/Info.plist;
				LD_RUNPATH_SEARCH_PATHS = (
					"$(inherited)",
					"@executable_path/Frameworks",
				);
				PRODUCT_BUNDLE_IDENTIFIER = br.com.ciclic.Moonshot;
				PRODUCT_NAME = "$(TARGET_NAME)";
				SWIFT_VERSION = 5.0;
				TARGETED_DEVICE_FAMILY = "1,2";
			};
			name = Release;
		};
/* End XCBuildConfiguration section */

/* Begin XCConfigurationList section */
		C0B2AEDA23BCDD01000A3A99 /* Build configuration list for PBXProject "Moonshot" */ = {
			isa = XCConfigurationList;
			buildConfigurations = (
				C0B2AEF123BCDD02000A3A99 /* Debug */,
				C0B2AEF223BCDD02000A3A99 /* Release */,
			);
			defaultConfigurationIsVisible = 0;
			defaultConfigurationName = Release;
		};
		C0B2AEF323BCDD02000A3A99 /* Build configuration list for PBXNativeTarget "Moonshot" */ = {
			isa = XCConfigurationList;
			buildConfigurations = (
				C0B2AEF423BCDD02000A3A99 /* Debug */,
				C0B2AEF523BCDD02000A3A99 /* Release */,
			);
			defaultConfigurationIsVisible = 0;
			defaultConfigurationName = Release;
		};
/* End XCConfigurationList section */
	};
	rootObject = C0B2AED723BCDD01000A3A99 /* Project object */;
}
